
Microsoft Visual Studio Solution File, Format Version 12.00
# Visual Studio 15
VisualStudioVersion = 15.0.28010.2026
MinimumVisualStudioVersion = 10.0.40219.1
Project("{FAE04EC0-301F-11D3-BF4B-00C04F79EFBC}") = "Demo.Android", "Demo.Android\Demo.Android.csproj", "{64C1BE85-59CF-49F3-82C7-35F89034B1EE}"
EndProject
Project("{FAE04EC0-301F-11D3-BF4B-00C04F79EFBC}") = "Demo.iOS", "Demo.iOS\Demo.iOS.csproj", "{B838573C-61F7-4AFC-84C4-DBB91A7C4FCA}"
EndProject
Project("{FAE04EC0-301F-11D3-BF4B-00C04F79EFBC}") = "Demo", "Demo\Demo.csproj", "{EFB7B808-926A-481E-9D3D-A90ED31F39A5}"
EndProject
Global
	GlobalSection(SolutionConfigurationPlatforms) = preSolution
		Ad-Hoc|Any CPU = Ad-Hoc|Any CPU
		Ad-Hoc|iPhone = Ad-Hoc|iPhone
		Ad-Hoc|iPhoneSimulator = Ad-Hoc|iPhoneSimulator
		AppStore|Any CPU = AppStore|Any CPU
		AppStore|iPhone = AppStore|iPhone
		AppStore|iPhoneSimulator = AppStore|iPhoneSimulator
		Debug|Any CPU = Debug|Any CPU
		Debug|iPhone = Debug|iPhone
		Debug|iPhoneSimulator = Debug|iPhoneSimulator
		Release|Any CPU = Release|Any CPU
		Release|iPhone = Release|iPhone
		Release|iPhoneSimulator = Release|iPhoneSimulator
	EndGlobalSection
	GlobalSection(ProjectConfigurationPlatforms) = postSolution
		{64C1BE85-59CF-49F3-82C7-35F89034B1EE}.Ad-Hoc|Any CPU.ActiveCfg = Release|Any CPU
		{64C1BE85-59CF-49F3-82C7-35F89034B1EE}.Ad-Hoc|Any CPU.Build.0 = Release|Any CPU
		{64C1BE85-59CF-49F3-82C7-35F89034B1EE}.Ad-Hoc|Any CPU.Deploy.0 = Release|Any CPU
		{64C1BE85-59CF-49F3-82C7-35F89034B1EE}.Ad-Hoc|iPhone.ActiveCfg = Release|Any CPU
		{64C1BE85-59CF-49F3-82C7-35F89034B1EE}.Ad-Hoc|iPhone.Build.0 = Release|Any CPU
		{64C1BE85-59CF-49F3-82C7-35F89034B1EE}.Ad-Hoc|iPhone.Deploy.0 = Release|Any CPU
		{64C1BE85-59CF-49F3-82C7-35F89034B1EE}.Ad-Hoc|iPhoneSimulator.ActiveCfg = Release|Any CPU
		{64C1BE85-59CF-49F3-82C7-35F89034B1EE}.Ad-Hoc|iPhoneSimulator.Build.0 = Release|Any CPU
		{64C1BE85-59CF-49F3-82C7-35F89034B1EE}.Ad-Hoc|iPhoneSimulator.Deploy.0 = Release|Any CPU
		{64C1BE85-59CF-49F3-82C7-35F89034B1EE}.AppStore|Any CPU.ActiveCfg = Release|Any CPU
		{64C1BE85-59CF-49F3-82C7-35F89034B1EE}.AppStore|Any CPU.Build.0 = Release|Any CPU
		{64C1BE85-59CF-49F3-82C7-35F89034B1EE}.AppStore|Any CPU.Deploy.0 = Release|Any CPU
		{64C1BE85-59CF-49F3-82C7-35F89034B1EE}.AppStore|iPhone.ActiveCfg = Release|Any CPU
		{64C1BE85-59CF-49F3-82C7-35F89034B1EE}.AppStore|iPhone.Build.0 = Release|Any CPU
		{64C1BE85-59CF-49F3-82C7-35F89034B1EE}.AppStore|iPhone.Deploy.0 = Release|Any CPU
		{64C1BE85-59CF-49F3-82C7-35F89034B1EE}.AppStore|iPhoneSimulator.ActiveCfg = Release|Any CPU
		{64C1BE85-59CF-49F3-82C7-35F89034B1EE}.AppStore|iPhoneSimulator.Build.0 = Release|Any CPU
		{64C1BE85-59CF-49F3-82C7-35F89034B1EE}.AppStore|iPhoneSimulator.Deploy.0 = Release|Any CPU
		{64C1BE85-59CF-49F3-82C7-35F89034B1EE}.Debug|Any CPU.ActiveCfg = Debug|Any CPU
		{64C1BE85-59CF-49F3-82C7-35F89034B1EE}.Debug|Any CPU.Build.0 = Debug|Any CPU
		{64C1BE85-59CF-49F3-82C7-35F89034B1EE}.Debug|Any CPU.Deploy.0 = Debug|Any CPU
		{64C1BE85-59CF-49F3-82C7-35F89034B1EE}.Debug|iPhone.ActiveCfg = Debug|Any CPU
		{64C1BE85-59CF-49F3-82C7-35F89034B1EE}.Debug|iPhone.Build.0 = Debug|Any CPU
		{64C1BE85-59CF-49F3-82C7-35F89034B1EE}.Debug|iPhone.Deploy.0 = Debug|Any CPU
		{64C1BE85-59CF-49F3-82C7-35F89034B1EE}.Debug|iPhoneSimulator.ActiveCfg = Debug|Any CPU
		{64C1BE85-59CF-49F3-82C7-35F89034B1EE}.Debug|iPhoneSimulator.Build.0 = Debug|Any CPU
		{64C1BE85-59CF-49F3-82C7-35F89034B1EE}.Debug|iPhoneSimulator.Deploy.0 = Debug|Any CPU
		{64C1BE85-59CF-49F3-82C7-35F89034B1EE}.Release|Any CPU.ActiveCfg = Release|Any CPU
		{64C1BE85-59CF-49F3-82C7-35F89034B1EE}.Release|Any CPU.Build.0 = Release|Any CPU
		{64C1BE85-59CF-49F3-82C7-35F89034B1EE}.Release|Any CPU.Deploy.0 = Release|Any CPU
		{64C1BE85-59CF-49F3-82C7-35F89034B1EE}.Release|iPhone.ActiveCfg = Release|Any CPU
		{64C1BE85-59CF-49F3-82C7-35F89034B1EE}.Release|iPhone.Build.0 = Release|Any CPU
		{64C1BE85-59CF-49F3-82C7-35F89034B1EE}.Release|iPhone.Deploy.0 = Release|Any CPU
		{64C1BE85-59CF-49F3-82C7-35F89034B1EE}.Release|iPhoneSimulator.ActiveCfg = Release|Any CPU
		{64C1BE85-59CF-49F3-82C7-35F89034B1EE}.Release|iPhoneSimulator.Build.0 = Release|Any CPU
		{64C1BE85-59CF-49F3-82C7-35F89034B1EE}.Release|iPhoneSimulator.Deploy.0 = Release|Any CPU
		{B838573C-61F7-4AFC-84C4-DBB91A7C4FCA}.Ad-Hoc|Any CPU.ActiveCfg = Ad-Hoc|iPhone
		{B838573C-61F7-4AFC-84C4-DBB91A7C4FCA}.Ad-Hoc|Any CPU.Build.0 = Ad-Hoc|iPhone
		{B838573C-61F7-4AFC-84C4-DBB91A7C4FCA}.Ad-Hoc|Any CPU.Deploy.0 = Ad-Hoc|iPhone
		{B838573C-61F7-4AFC-84C4-DBB91A7C4FCA}.Ad-Hoc|iPhone.ActiveCfg = Ad-Hoc|iPhone
		{B838573C-61F7-4AFC-84C4-DBB91A7C4FCA}.Ad-Hoc|iPhone.Build.0 = Ad-Hoc|iPhone
		{B838573C-61F7-4AFC-84C4-DBB91A7C4FCA}.Ad-Hoc|iPhone.Deploy.0 = Ad-Hoc|iPhone
		{B838573C-61F7-4AFC-84C4-DBB91A7C4FCA}.Ad-Hoc|iPhoneSimulator.ActiveCfg = Ad-Hoc|iPhoneSimulator
		{B838573C-61F7-4AFC-84C4-DBB91A7C4FCA}.Ad-Hoc|iPhoneSimulator.Build.0 = Ad-Hoc|iPhoneSimulator
		{B838573C-61F7-4AFC-84C4-DBB91A7C4FCA}.Ad-Hoc|iPhoneSimulator.Deploy.0 = Ad-Hoc|iPhoneSimulator
		{B838573C-61F7-4AFC-84C4-DBB91A7C4FCA}.AppStore|Any CPU.ActiveCfg = AppStore|iPhone
		{B838573C-61F7-4AFC-84C4-DBB91A7C4FCA}.AppStore|Any CPU.Build.0 = AppStore|iPhone
		{B838573C-61F7-4AFC-84C4-DBB91A7C4FCA}.AppStore|Any CPU.Deploy.0 = AppStore|iPhone
		{B838573C-61F7-4AFC-84C4-DBB91A7C4FCA}.AppStore|iPhone.ActiveCfg = AppStore|iPhone
		{B838573C-61F7-4AFC-84C4-DBB91A7C4FCA}.AppStore|iPhone.Build.0 = AppStore|iPhone
		{B838573C-61F7-4AFC-84C4-DBB91A7C4FCA}.AppStore|iPhone.Deploy.0 = AppStore|iPhone
		{B838573C-61F7-4AFC-84C4-DBB91A7C4FCA}.AppStore|iPhoneSimulator.ActiveCfg = AppStore|iPhoneSimulator
		{B838573C-61F7-4AFC-84C4-DBB91A7C4FCA}.AppStore|iPhoneSimulator.Build.0 = AppStore|iPhoneSimulator
		{B838573C-61F7-4AFC-84C4-DBB91A7C4FCA}.AppStore|iPhoneSimulator.Deploy.0 = AppStore|iPhoneSimulator
		{B838573C-61F7-4AFC-84C4-DBB91A7C4FCA}.Debug|Any CPU.ActiveCfg = Debug|iPhoneSimulator
		{B838573C-61F7-4AFC-84C4-DBB91A7C4FCA}.Debug|Any CPU.Build.0 = Debug|iPhoneSimulator
		{B838573C-61F7-4AFC-84C4-DBB91A7C4FCA}.Debug|Any CPU.Deploy.0 = Debug|iPhoneSimulator
		{B838573C-61F7-4AFC-84C4-DBB91A7C4FCA}.Debug|iPhone.ActiveCfg = Debug|iPhone
		{B838573C-61F7-4AFC-84C4-DBB91A7C4FCA}.Debug|iPhone.Build.0 = Debug|iPhone
		{B838573C-61F7-4AFC-84C4-DBB91A7C4FCA}.Debug|iPhone.Deploy.0 = Debug|iPhone
		{B838573C-61F7-4AFC-84C4-DBB91A7C4FCA}.Debug|iPhoneSimulator.ActiveCfg = Debug|iPhoneSimulator
		{B838573C-61F7-4AFC-84C4-DBB91A7C4FCA}.Debug|iPhoneSimulator.Build.0 = Debug|iPhoneSimulator
		{B838573C-61F7-4AFC-84C4-DBB91A7C4FCA}.Debug|iPhoneSimulator.Deploy.0 = Debug|iPhoneSimulator
		{B838573C-61F7-4AFC-84C4-DBB91A7C4FCA}.Release|Any CPU.ActiveCfg = Release|iPhone
		{B838573C-61F7-4AFC-84C4-DBB91A7C4FCA}.Release|Any CPU.Build.0 = Release|iPhone
		{B838573C-61F7-4AFC-84C4-DBB91A7C4FCA}.Release|Any CPU.Deploy.0 = Release|iPhone
		{B838573C-61F7-4AFC-84C4-DBB91A7C4FCA}.Release|iPhone.ActiveCfg = Release|iPhone
		{B838573C-61F7-4AFC-84C4-DBB91A7C4FCA}.Release|iPhone.Build.0 = Release|iPhone
		{B838573C-61F7-4AFC-84C4-DBB91A7C4FCA}.Release|iPhone.Deploy.0 = Release|iPhone
		{B838573C-61F7-4AFC-84C4-DBB91A7C4FCA}.Release|iPhoneSimulator.ActiveCfg = Release|iPhoneSimulator
		{B838573C-61F7-4AFC-84C4-DBB91A7C4FCA}.Release|iPhoneSimulator.Build.0 = Release|iPhoneSimulator
		{B838573C-61F7-4AFC-84C4-DBB91A7C4FCA}.Release|iPhoneSimulator.Deploy.0 = Release|iPhoneSimulator
		{EFB7B808-926A-481E-9D3D-A90ED31F39A5}.Ad-Hoc|Any CPU.ActiveCfg = Debug|Any CPU
		{EFB7B808-926A-481E-9D3D-A90ED31F39A5}.Ad-Hoc|Any CPU.Build.0 = Debug|Any CPU
		{EFB7B808-926A-481E-9D3D-A90ED31F39A5}.Ad-Hoc|Any CPU.Deploy.0 = Debug|Any CPU
		{EFB7B808-926A-481E-9D3D-A90ED31F39A5}.Ad-Hoc|iPhone.ActiveCfg = Debug|Any CPU
		{EFB7B808-926A-481E-9D3D-A90ED31F39A5}.Ad-Hoc|iPhone.Build.0 = Debug|Any CPU
		{EFB7B808-926A-481E-9D3D-A90ED31F39A5}.Ad-Hoc|iPhone.Deploy.0 = Debug|Any CPU
		{EFB7B808-926A-481E-9D3D-A90ED31F39A5}.Ad-Hoc|iPhoneSimulator.ActiveCfg = Debug|Any CPU
		{EFB7B808-926A-481E-9D3D-A90ED31F39A5}.Ad-Hoc|iPhoneSimulator.Build.0 = Debug|Any CPU
		{EFB7B808-926A-481E-9D3D-A90ED31F39A5}.Ad-Hoc|iPhoneSimulator.Deploy.0 = Debug|Any CPU
		{EFB7B808-926A-481E-9D3D-A90ED31F39A5}.AppStore|Any CPU.ActiveCfg = Debug|Any CPU
		{EFB7B808-926A-481E-9D3D-A90ED31F39A5}.AppStore|Any CPU.Build.0 = Debug|Any CPU
		{EFB7B808-926A-481E-9D3D-A90ED31F39A5}.AppStore|Any CPU.Deploy.0 = Debug|Any CPU
		{EFB7B808-926A-481E-9D3D-A90ED31F39A5}.AppStore|iPhone.ActiveCfg = Debug|Any CPU
		{EFB7B808-926A-481E-9D3D-A90ED31F39A5}.AppStore|iPhone.Build.0 = Debug|Any CPU
		{EFB7B808-926A-481E-9D3D-A90ED31F39A5}.AppStore|iPhone.Deploy.0 = Debug|Any CPU
		{EFB7B808-926A-481E-9D3D-A90ED31F39A5}.AppStore|iPhoneSimulator.ActiveCfg = Debug|Any CPU
		{EFB7B808-926A-481E-9D3D-A90ED31F39A5}.AppStore|iPhoneSimulator.Build.0 = Debug|Any CPU
		{EFB7B808-926A-481E-9D3D-A90ED31F39A5}.AppStore|iPhoneSimulator.Deploy.0 = Debug|Any CPU
		{EFB7B808-926A-481E-9D3D-A90ED31F39A5}.Debug|Any CPU.ActiveCfg = Debug|Any CPU
		{EFB7B808-926A-481E-9D3D-A90ED31F39A5}.Debug|Any CPU.Build.0 = Debug|Any CPU
		{EFB7B808-926A-481E-9D3D-A90ED31F39A5}.Debug|Any CPU.Deploy.0 = Debug|Any CPU
		{EFB7B808-926A-481E-9D3D-A90ED31F39A5}.Debug|iPhone.ActiveCfg = Debug|Any CPU
		{EFB7B808-926A-481E-9D3D-A90ED31F39A5}.Debug|iPhone.Build.0 = Debug|Any CPU
		{EFB7B808-926A-481E-9D3D-A90ED31F39A5}.Debug|iPhone.Deploy.0 = Debug|Any CPU
		{EFB7B808-926A-481E-9D3D-A90ED31F39A5}.Debug|iPhoneSimulator.ActiveCfg = Debug|Any CPU
		{EFB7B808-926A-481E-9D3D-A90ED31F39A5}.Debug|iPhoneSimulator.Build.0 = Debug|Any CPU
		{EFB7B808-926A-481E-9D3D-A90ED31F39A5}.Debug|iPhoneSimulator.Deploy.0 = Debug|Any CPU
		{EFB7B808-926A-481E-9D3D-A90ED31F39A5}.Release|Any CPU.ActiveCfg = Release|Any CPU
		{EFB7B808-926A-481E-9D3D-A90ED31F39A5}.Release|Any CPU.Build.0 = Release|Any CPU
		{EFB7B808-926A-481E-9D3D-A90ED31F39A5}.Release|Any CPU.Deploy.0 = Release|Any CPU
		{EFB7B808-926A-481E-9D3D-A90ED31F39A5}.Release|iPhone.ActiveCfg = Release|Any CPU
		{EFB7B808-926A-481E-9D3D-A90ED31F39A5}.Release|iPhone.Build.0 = Release|Any CPU
		{EFB7B808-926A-481E-9D3D-A90ED31F39A5}.Release|iPhone.Deploy.0 = Release|Any CPU
		{EFB7B808-926A-481E-9D3D-A90ED31F39A5}.Release|iPhoneSimulator.ActiveCfg = Release|Any CPU
		{EFB7B808-926A-481E-9D3D-A90ED31F39A5}.Release|iPhoneSimulator.Build.0 = Release|Any CPU
		{EFB7B808-926A-481E-9D3D-A90ED31F39A5}.Release|iPhoneSimulator.Deploy.0 = Release|Any CPU
	EndGlobalSection
	GlobalSection(SolutionProperties) = preSolution
		HideSolutionNode = FALSE
	EndGlobalSection
	GlobalSection(ExtensibilityGlobals) = postSolution
		SolutionGuid = {FED12355-DD28-440D-8B6B-3E42983A36E9}
	EndGlobalSection
EndGlobal
