
Microsoft Visual Studio Solution File, Format Version 12.00
# Visual Studio 15
VisualStudioVersion = 15.0.28010.2026
MinimumVisualStudioVersion = 10.0.40219.1
Project("{FAE04EC0-301F-11D3-BF4B-00C04F79EFBC}") = "Xam.Plugins.Forms.ImagePaint.Android", "Xam.Plugins.Forms.ImagePaint.Android\Xam.Plugins.Forms.ImagePaint.Android.csproj", "{8611B481-D4F9-4B94-8B57-CB7AF7059148}"
EndProject
Project("{FAE04EC0-301F-11D3-BF4B-00C04F79EFBC}") = "Xam.Plugins.Forms.ImagePaint.iOS", "Xam.Plugins.Forms.ImagePaint.iOS\Xam.Plugins.Forms.ImagePaint.iOS.csproj", "{2E868407-4F6F-4BDC-929A-2066FBD8F94E}"
EndProject
Project("{9A19103F-16F7-4668-BE54-9A1E7A4F7556}") = "Xam.Plugins.Forms.ImagePaint.Abstractions", "Xam.Plugins.Forms.ImagePaint\Xam.Plugins.Forms.ImagePaint.Abstractions.csproj", "{87AA5A3F-0902-4DBA-A5FA-4A3C94A9A54E}"
EndProject
Global
	GlobalSection(SolutionConfigurationPlatforms) = preSolution
		Ad-Hoc|Any CPU = Ad-Hoc|Any CPU
		Ad-Hoc|iPhone = Ad-Hoc|iPhone
		Ad-Hoc|iPhoneSimulator = Ad-Hoc|iPhoneSimulator
		AppStore|Any CPU = AppStore|Any CPU
		AppStore|iPhone = AppStore|iPhone
		AppStore|iPhoneSimulator = AppStore|iPhoneSimulator
		Debug|Any CPU = Debug|Any CPU
		Debug|iPhone = Debug|iPhone
		Debug|iPhoneSimulator = Debug|iPhoneSimulator
		Release|Any CPU = Release|Any CPU
		Release|iPhone = Release|iPhone
		Release|iPhoneSimulator = Release|iPhoneSimulator
	EndGlobalSection
	GlobalSection(ProjectConfigurationPlatforms) = postSolution
		{8611B481-D4F9-4B94-8B57-CB7AF7059148}.Ad-Hoc|Any CPU.ActiveCfg = Release|Any CPU
		{8611B481-D4F9-4B94-8B57-CB7AF7059148}.Ad-Hoc|Any CPU.Build.0 = Release|Any CPU
		{8611B481-D4F9-4B94-8B57-CB7AF7059148}.Ad-Hoc|Any CPU.Deploy.0 = Release|Any CPU
		{8611B481-D4F9-4B94-8B57-CB7AF7059148}.Ad-Hoc|iPhone.ActiveCfg = Release|Any CPU
		{8611B481-D4F9-4B94-8B57-CB7AF7059148}.Ad-Hoc|iPhone.Build.0 = Release|Any CPU
		{8611B481-D4F9-4B94-8B57-CB7AF7059148}.Ad-Hoc|iPhone.Deploy.0 = Release|Any CPU
		{8611B481-D4F9-4B94-8B57-CB7AF7059148}.Ad-Hoc|iPhoneSimulator.ActiveCfg = Release|Any CPU
		{8611B481-D4F9-4B94-8B57-CB7AF7059148}.Ad-Hoc|iPhoneSimulator.Build.0 = Release|Any CPU
		{8611B481-D4F9-4B94-8B57-CB7AF7059148}.Ad-Hoc|iPhoneSimulator.Deploy.0 = Release|Any CPU
		{8611B481-D4F9-4B94-8B57-CB7AF7059148}.AppStore|Any CPU.ActiveCfg = Release|Any CPU
		{8611B481-D4F9-4B94-8B57-CB7AF7059148}.AppStore|Any CPU.Build.0 = Release|Any CPU
		{8611B481-D4F9-4B94-8B57-CB7AF7059148}.AppStore|Any CPU.Deploy.0 = Release|Any CPU
		{8611B481-D4F9-4B94-8B57-CB7AF7059148}.AppStore|iPhone.ActiveCfg = Release|Any CPU
		{8611B481-D4F9-4B94-8B57-CB7AF7059148}.AppStore|iPhone.Build.0 = Release|Any CPU
		{8611B481-D4F9-4B94-8B57-CB7AF7059148}.AppStore|iPhone.Deploy.0 = Release|Any CPU
		{8611B481-D4F9-4B94-8B57-CB7AF7059148}.AppStore|iPhoneSimulator.ActiveCfg = Release|Any CPU
		{8611B481-D4F9-4B94-8B57-CB7AF7059148}.AppStore|iPhoneSimulator.Build.0 = Release|Any CPU
		{8611B481-D4F9-4B94-8B57-CB7AF7059148}.AppStore|iPhoneSimulator.Deploy.0 = Release|Any CPU
		{8611B481-D4F9-4B94-8B57-CB7AF7059148}.Debug|Any CPU.ActiveCfg = Debug|Any CPU
		{8611B481-D4F9-4B94-8B57-CB7AF7059148}.Debug|Any CPU.Build.0 = Debug|Any CPU
		{8611B481-D4F9-4B94-8B57-CB7AF7059148}.Debug|Any CPU.Deploy.0 = Debug|Any CPU
		{8611B481-D4F9-4B94-8B57-CB7AF7059148}.Debug|iPhone.ActiveCfg = Debug|Any CPU
		{8611B481-D4F9-4B94-8B57-CB7AF7059148}.Debug|iPhone.Build.0 = Debug|Any CPU
		{8611B481-D4F9-4B94-8B57-CB7AF7059148}.Debug|iPhone.Deploy.0 = Debug|Any CPU
		{8611B481-D4F9-4B94-8B57-CB7AF7059148}.Debug|iPhoneSimulator.ActiveCfg = Debug|Any CPU
		{8611B481-D4F9-4B94-8B57-CB7AF7059148}.Debug|iPhoneSimulator.Build.0 = Debug|Any CPU
		{8611B481-D4F9-4B94-8B57-CB7AF7059148}.Debug|iPhoneSimulator.Deploy.0 = Debug|Any CPU
		{8611B481-D4F9-4B94-8B57-CB7AF7059148}.Release|Any CPU.ActiveCfg = Release|Any CPU
		{8611B481-D4F9-4B94-8B57-CB7AF7059148}.Release|Any CPU.Build.0 = Release|Any CPU
		{8611B481-D4F9-4B94-8B57-CB7AF7059148}.Release|iPhone.ActiveCfg = Release|Any CPU
		{8611B481-D4F9-4B94-8B57-CB7AF7059148}.Release|iPhone.Build.0 = Release|Any CPU
		{8611B481-D4F9-4B94-8B57-CB7AF7059148}.Release|iPhone.Deploy.0 = Release|Any CPU
		{8611B481-D4F9-4B94-8B57-CB7AF7059148}.Release|iPhoneSimulator.ActiveCfg = Release|Any CPU
		{8611B481-D4F9-4B94-8B57-CB7AF7059148}.Release|iPhoneSimulator.Build.0 = Release|Any CPU
		{8611B481-D4F9-4B94-8B57-CB7AF7059148}.Release|iPhoneSimulator.Deploy.0 = Release|Any CPU
		{2E868407-4F6F-4BDC-929A-2066FBD8F94E}.Ad-Hoc|Any CPU.ActiveCfg = Release|Any CPU
		{2E868407-4F6F-4BDC-929A-2066FBD8F94E}.Ad-Hoc|Any CPU.Build.0 = Release|Any CPU
		{2E868407-4F6F-4BDC-929A-2066FBD8F94E}.Ad-Hoc|iPhone.ActiveCfg = Release|Any CPU
		{2E868407-4F6F-4BDC-929A-2066FBD8F94E}.Ad-Hoc|iPhone.Build.0 = Release|Any CPU
		{2E868407-4F6F-4BDC-929A-2066FBD8F94E}.Ad-Hoc|iPhoneSimulator.ActiveCfg = Release|Any CPU
		{2E868407-4F6F-4BDC-929A-2066FBD8F94E}.Ad-Hoc|iPhoneSimulator.Build.0 = Release|Any CPU
		{2E868407-4F6F-4BDC-929A-2066FBD8F94E}.AppStore|Any CPU.ActiveCfg = Release|Any CPU
		{2E868407-4F6F-4BDC-929A-2066FBD8F94E}.AppStore|Any CPU.Build.0 = Release|Any CPU
		{2E868407-4F6F-4BDC-929A-2066FBD8F94E}.AppStore|iPhone.ActiveCfg = Release|Any CPU
		{2E868407-4F6F-4BDC-929A-2066FBD8F94E}.AppStore|iPhone.Build.0 = Release|Any CPU
		{2E868407-4F6F-4BDC-929A-2066FBD8F94E}.AppStore|iPhoneSimulator.ActiveCfg = Release|Any CPU
		{2E868407-4F6F-4BDC-929A-2066FBD8F94E}.AppStore|iPhoneSimulator.Build.0 = Release|Any CPU
		{2E868407-4F6F-4BDC-929A-2066FBD8F94E}.Debug|Any CPU.ActiveCfg = Debug|Any CPU
		{2E868407-4F6F-4BDC-929A-2066FBD8F94E}.Debug|Any CPU.Build.0 = Debug|Any CPU
		{2E868407-4F6F-4BDC-929A-2066FBD8F94E}.Debug|iPhone.ActiveCfg = Debug|Any CPU
		{2E868407-4F6F-4BDC-929A-2066FBD8F94E}.Debug|iPhone.Build.0 = Debug|Any CPU
		{2E868407-4F6F-4BDC-929A-2066FBD8F94E}.Debug|iPhoneSimulator.ActiveCfg = Debug|Any CPU
		{2E868407-4F6F-4BDC-929A-2066FBD8F94E}.Debug|iPhoneSimulator.Build.0 = Debug|Any CPU
		{2E868407-4F6F-4BDC-929A-2066FBD8F94E}.Release|Any CPU.ActiveCfg = Release|Any CPU
		{2E868407-4F6F-4BDC-929A-2066FBD8F94E}.Release|Any CPU.Build.0 = Release|Any CPU
		{2E868407-4F6F-4BDC-929A-2066FBD8F94E}.Release|iPhone.ActiveCfg = Release|Any CPU
		{2E868407-4F6F-4BDC-929A-2066FBD8F94E}.Release|iPhone.Build.0 = Release|Any CPU
		{2E868407-4F6F-4BDC-929A-2066FBD8F94E}.Release|iPhoneSimulator.ActiveCfg = Release|Any CPU
		{2E868407-4F6F-4BDC-929A-2066FBD8F94E}.Release|iPhoneSimulator.Build.0 = Release|Any CPU
		{87AA5A3F-0902-4DBA-A5FA-4A3C94A9A54E}.Ad-Hoc|Any CPU.ActiveCfg = Debug|Any CPU
		{87AA5A3F-0902-4DBA-A5FA-4A3C94A9A54E}.Ad-Hoc|Any CPU.Build.0 = Debug|Any CPU
		{87AA5A3F-0902-4DBA-A5FA-4A3C94A9A54E}.Ad-Hoc|Any CPU.Deploy.0 = Debug|Any CPU
		{87AA5A3F-0902-4DBA-A5FA-4A3C94A9A54E}.Ad-Hoc|iPhone.ActiveCfg = Debug|Any CPU
		{87AA5A3F-0902-4DBA-A5FA-4A3C94A9A54E}.Ad-Hoc|iPhone.Build.0 = Debug|Any CPU
		{87AA5A3F-0902-4DBA-A5FA-4A3C94A9A54E}.Ad-Hoc|iPhone.Deploy.0 = Debug|Any CPU
		{87AA5A3F-0902-4DBA-A5FA-4A3C94A9A54E}.Ad-Hoc|iPhoneSimulator.ActiveCfg = Debug|Any CPU
		{87AA5A3F-0902-4DBA-A5FA-4A3C94A9A54E}.Ad-Hoc|iPhoneSimulator.Build.0 = Debug|Any CPU
		{87AA5A3F-0902-4DBA-A5FA-4A3C94A9A54E}.Ad-Hoc|iPhoneSimulator.Deploy.0 = Debug|Any CPU
		{87AA5A3F-0902-4DBA-A5FA-4A3C94A9A54E}.AppStore|Any CPU.ActiveCfg = Debug|Any CPU
		{87AA5A3F-0902-4DBA-A5FA-4A3C94A9A54E}.AppStore|Any CPU.Build.0 = Debug|Any CPU
		{87AA5A3F-0902-4DBA-A5FA-4A3C94A9A54E}.AppStore|Any CPU.Deploy.0 = Debug|Any CPU
		{87AA5A3F-0902-4DBA-A5FA-4A3C94A9A54E}.AppStore|iPhone.ActiveCfg = Debug|Any CPU
		{87AA5A3F-0902-4DBA-A5FA-4A3C94A9A54E}.AppStore|iPhone.Build.0 = Debug|Any CPU
		{87AA5A3F-0902-4DBA-A5FA-4A3C94A9A54E}.AppStore|iPhone.Deploy.0 = Debug|Any CPU
		{87AA5A3F-0902-4DBA-A5FA-4A3C94A9A54E}.AppStore|iPhoneSimulator.ActiveCfg = Debug|Any CPU
		{87AA5A3F-0902-4DBA-A5FA-4A3C94A9A54E}.AppStore|iPhoneSimulator.Build.0 = Debug|Any CPU
		{87AA5A3F-0902-4DBA-A5FA-4A3C94A9A54E}.AppStore|iPhoneSimulator.Deploy.0 = Debug|Any CPU
		{87AA5A3F-0902-4DBA-A5FA-4A3C94A9A54E}.Debug|Any CPU.ActiveCfg = Debug|Any CPU
		{87AA5A3F-0902-4DBA-A5FA-4A3C94A9A54E}.Debug|Any CPU.Build.0 = Debug|Any CPU
		{87AA5A3F-0902-4DBA-A5FA-4A3C94A9A54E}.Debug|Any CPU.Deploy.0 = Debug|Any CPU
		{87AA5A3F-0902-4DBA-A5FA-4A3C94A9A54E}.Debug|iPhone.ActiveCfg = Debug|Any CPU
		{87AA5A3F-0902-4DBA-A5FA-4A3C94A9A54E}.Debug|iPhone.Build.0 = Debug|Any CPU
		{87AA5A3F-0902-4DBA-A5FA-4A3C94A9A54E}.Debug|iPhone.Deploy.0 = Debug|Any CPU
		{87AA5A3F-0902-4DBA-A5FA-4A3C94A9A54E}.Debug|iPhoneSimulator.ActiveCfg = Debug|Any CPU
		{87AA5A3F-0902-4DBA-A5FA-4A3C94A9A54E}.Debug|iPhoneSimulator.Build.0 = Debug|Any CPU
		{87AA5A3F-0902-4DBA-A5FA-4A3C94A9A54E}.Debug|iPhoneSimulator.Deploy.0 = Debug|Any CPU
		{87AA5A3F-0902-4DBA-A5FA-4A3C94A9A54E}.Release|Any CPU.ActiveCfg = Release|Any CPU
		{87AA5A3F-0902-4DBA-A5FA-4A3C94A9A54E}.Release|Any CPU.Build.0 = Release|Any CPU
		{87AA5A3F-0902-4DBA-A5FA-4A3C94A9A54E}.Release|Any CPU.Deploy.0 = Release|Any CPU
		{87AA5A3F-0902-4DBA-A5FA-4A3C94A9A54E}.Release|iPhone.ActiveCfg = Release|Any CPU
		{87AA5A3F-0902-4DBA-A5FA-4A3C94A9A54E}.Release|iPhone.Build.0 = Release|Any CPU
		{87AA5A3F-0902-4DBA-A5FA-4A3C94A9A54E}.Release|iPhone.Deploy.0 = Release|Any CPU
		{87AA5A3F-0902-4DBA-A5FA-4A3C94A9A54E}.Release|iPhoneSimulator.ActiveCfg = Release|Any CPU
		{87AA5A3F-0902-4DBA-A5FA-4A3C94A9A54E}.Release|iPhoneSimulator.Build.0 = Release|Any CPU
		{87AA5A3F-0902-4DBA-A5FA-4A3C94A9A54E}.Release|iPhoneSimulator.Deploy.0 = Release|Any CPU
	EndGlobalSection
	GlobalSection(SolutionProperties) = preSolution
		HideSolutionNode = FALSE
	EndGlobalSection
	GlobalSection(ExtensibilityGlobals) = postSolution
		SolutionGuid = {8A1B34BB-A4D9-42D7-88ED-B06331364C08}
	EndGlobalSection
EndGlobal
